
Microsoft Visual Studio Solution File, Format Version 12.00
# Visual Studio Version 17
VisualStudioVersion = 17.8.34408.163
MinimumVisualStudioVersion = 10.0.40219.1
Project("{FAE04EC0-301F-11D3-BF4B-00C04F79EFBC}") = "GymTrackerApp", "GymTrackerApp.csproj", "{BEDD0457-2EA0-4E78-955D-0EA92FB0B936}"
EndProject
Global
	GlobalSection(SolutionConfigurationPlatforms) = preSolution
		Debug|Any CPU = Debug|Any CPU
		Release|Any CPU = Release|Any CPU
	EndGlobalSection
	GlobalSection(ProjectConfigurationPlatforms) = postSolution
		{BEDD0457-2EA0-4E78-955D-0EA92FB0B936}.Debug|Any CPU.ActiveCfg = Debug|Any CPU
		{BEDD0457-2EA0-4E78-955D-0EA92FB0B936}.Debug|Any CPU.Build.0 = Debug|Any CPU
		{BEDD0457-2EA0-4E78-955D-0EA92FB0B936}.Debug|Any CPU.Deploy.0 = Debug|Any CPU
		{BEDD0457-2EA0-4E78-955D-0EA92FB0B936}.Release|Any CPU.ActiveCfg = Release|Any CPU
		{BEDD0457-2EA0-4E78-955D-0EA92FB0B936}.Release|Any CPU.Build.0 = Release|Any CPU
		{BEDD0457-2EA0-4E78-955D-0EA92FB0B936}.Release|Any CPU.Deploy.0 = Release|Any CPU
	EndGlobalSection
	GlobalSection(SolutionProperties) = preSolution
		HideSolutionNode = FALSE
	EndGlobalSection
	GlobalSection(ExtensibilityGlobals) = postSolution
		SolutionGuid = {39A92DF7-209A-4DCC-94E8-087763A99780}
	EndGlobalSection
EndGlobal
